
Microsoft Visual Studio Solution File, Format Version 12.00
# Visual Studio Version 17
VisualStudioVersion = 17.1.32414.318
MinimumVisualStudioVersion = 10.0.40219.1
Project("{FAE04EC0-301F-11D3-BF4B-00C04F79EFBC}") = "RMDataManager", "RMDataManager\RMDataManager.csproj", "{8ADCE95B-100F-4FC5-A87D-91FCA8287B08}"
EndProject
Project("{00D1A9C2-B5F0-4AF3-8072-F6C62B433612}") = "RMData", "RMData\RMData.sqlproj", "{A8C6EC91-AD6E-4BD6-90E6-25C060F580E3}"
EndProject
Project("{FAE04EC0-301F-11D3-BF4B-00C04F79EFBC}") = "RMWPFUserInterface", "RMWPFUserInterface\RMWPFUserInterface.csproj", "{698B4F4A-6A70-4057-B595-F33381AD58C3}"
EndProject
Project("{FAE04EC0-301F-11D3-BF4B-00C04F79EFBC}") = "RMDataManager.Library", "TRMDataManager.Library\RMDataManager.Library.csproj", "{9ECA56CC-90B4-4B0B-B533-7EC01F2A6CC9}"
EndProject
Project("{FAE04EC0-301F-11D3-BF4B-00C04F79EFBC}") = "RMWPFUserInterface.Library", "RMWPFUserInterface.Library\RMWPFUserInterface.Library.csproj", "{1B9AE7F7-3605-4386-9AF3-796652BE9878}"
EndProject
Global
	GlobalSection(SolutionConfigurationPlatforms) = preSolution
		Debug|Any CPU = Debug|Any CPU
		Release|Any CPU = Release|Any CPU
	EndGlobalSection
	GlobalSection(ProjectConfigurationPlatforms) = postSolution
		{8ADCE95B-100F-4FC5-A87D-91FCA8287B08}.Debug|Any CPU.ActiveCfg = Debug|Any CPU
		{8ADCE95B-100F-4FC5-A87D-91FCA8287B08}.Debug|Any CPU.Build.0 = Debug|Any CPU
		{8ADCE95B-100F-4FC5-A87D-91FCA8287B08}.Release|Any CPU.ActiveCfg = Release|Any CPU
		{8ADCE95B-100F-4FC5-A87D-91FCA8287B08}.Release|Any CPU.Build.0 = Release|Any CPU
		{A8C6EC91-AD6E-4BD6-90E6-25C060F580E3}.Debug|Any CPU.ActiveCfg = Debug|Any CPU
		{A8C6EC91-AD6E-4BD6-90E6-25C060F580E3}.Debug|Any CPU.Build.0 = Debug|Any CPU
		{A8C6EC91-AD6E-4BD6-90E6-25C060F580E3}.Debug|Any CPU.Deploy.0 = Debug|Any CPU
		{A8C6EC91-AD6E-4BD6-90E6-25C060F580E3}.Release|Any CPU.ActiveCfg = Release|Any CPU
		{A8C6EC91-AD6E-4BD6-90E6-25C060F580E3}.Release|Any CPU.Build.0 = Release|Any CPU
		{A8C6EC91-AD6E-4BD6-90E6-25C060F580E3}.Release|Any CPU.Deploy.0 = Release|Any CPU
		{698B4F4A-6A70-4057-B595-F33381AD58C3}.Debug|Any CPU.ActiveCfg = Debug|Any CPU
		{698B4F4A-6A70-4057-B595-F33381AD58C3}.Debug|Any CPU.Build.0 = Debug|Any CPU
		{698B4F4A-6A70-4057-B595-F33381AD58C3}.Release|Any CPU.ActiveCfg = Release|Any CPU
		{698B4F4A-6A70-4057-B595-F33381AD58C3}.Release|Any CPU.Build.0 = Release|Any CPU
		{9ECA56CC-90B4-4B0B-B533-7EC01F2A6CC9}.Debug|Any CPU.ActiveCfg = Debug|Any CPU
		{9ECA56CC-90B4-4B0B-B533-7EC01F2A6CC9}.Debug|Any CPU.Build.0 = Debug|Any CPU
		{9ECA56CC-90B4-4B0B-B533-7EC01F2A6CC9}.Release|Any CPU.ActiveCfg = Release|Any CPU
		{9ECA56CC-90B4-4B0B-B533-7EC01F2A6CC9}.Release|Any CPU.Build.0 = Release|Any CPU
		{1B9AE7F7-3605-4386-9AF3-796652BE9878}.Debug|Any CPU.ActiveCfg = Debug|Any CPU
		{1B9AE7F7-3605-4386-9AF3-796652BE9878}.Debug|Any CPU.Build.0 = Debug|Any CPU
		{1B9AE7F7-3605-4386-9AF3-796652BE9878}.Release|Any CPU.ActiveCfg = Release|Any CPU
		{1B9AE7F7-3605-4386-9AF3-796652BE9878}.Release|Any CPU.Build.0 = Release|Any CPU
	EndGlobalSection
	GlobalSection(SolutionProperties) = preSolution
		HideSolutionNode = FALSE
	EndGlobalSection
	GlobalSection(ExtensibilityGlobals) = postSolution
		SolutionGuid = {5636F812-D6EF-4A58-B5AA-9FB51EAA4700}
	EndGlobalSection
EndGlobal
